
Microsoft Visual Studio Solution File, Format Version 12.00
# Visual Studio Version 16
VisualStudioVersion = 16.0.29613.14
MinimumVisualStudioVersion = 10.0.40219.1
Project("{FAE04EC0-301F-11D3-BF4B-00C04F79EFBC}") = "MoodleVisitor", "MoodleVisitor\MoodleVisitor.csproj", "{0A51B101-8ABB-4C5F-8482-672A1D00101E}"
EndProject
Global
	GlobalSection(SolutionConfigurationPlatforms) = preSolution
		Debug|Any CPU = Debug|Any CPU
		Release|Any CPU = Release|Any CPU
	EndGlobalSection
	GlobalSection(ProjectConfigurationPlatforms) = postSolution
		{0A51B101-8ABB-4C5F-8482-672A1D00101E}.Debug|Any CPU.ActiveCfg = Debug|Any CPU
		{0A51B101-8ABB-4C5F-8482-672A1D00101E}.Debug|Any CPU.Build.0 = Debug|Any CPU
		{0A51B101-8ABB-4C5F-8482-672A1D00101E}.Release|Any CPU.ActiveCfg = Release|Any CPU
		{0A51B101-8ABB-4C5F-8482-672A1D00101E}.Release|Any CPU.Build.0 = Release|Any CPU
	EndGlobalSection
	GlobalSection(SolutionProperties) = preSolution
		HideSolutionNode = FALSE
	EndGlobalSection
	GlobalSection(ExtensibilityGlobals) = postSolution
		SolutionGuid = {65E4EF6B-480E-44DD-B637-7E2BF92C6A41}
	EndGlobalSection
EndGlobal
